
Microsoft Visual Studio Solution File, Format Version 12.00
# Visual Studio Version 17
VisualStudioVersion = 17.10.35122.118
MinimumVisualStudioVersion = 10.0.40219.1
Project("{FAE04EC0-301F-11D3-BF4B-00C04F79EFBC}") = "OdinProjectAPI", "OdinProjectAPI.csproj", "{12EEDC3B-F239-4845-936A-4F9F31F93166}"
EndProject
Global
	GlobalSection(SolutionConfigurationPlatforms) = preSolution
		Debug|Any CPU = Debug|Any CPU
		Release|Any CPU = Release|Any CPU
	EndGlobalSection
	GlobalSection(ProjectConfigurationPlatforms) = postSolution
		{12EEDC3B-F239-4845-936A-4F9F31F93166}.Debug|Any CPU.ActiveCfg = Debug|Any CPU
		{12EEDC3B-F239-4845-936A-4F9F31F93166}.Debug|Any CPU.Build.0 = Debug|Any CPU
		{12EEDC3B-F239-4845-936A-4F9F31F93166}.Release|Any CPU.ActiveCfg = Release|Any CPU
		{12EEDC3B-F239-4845-936A-4F9F31F93166}.Release|Any CPU.Build.0 = Release|Any CPU
	EndGlobalSection
	GlobalSection(SolutionProperties) = preSolution
		HideSolutionNode = FALSE
	EndGlobalSection
	GlobalSection(ExtensibilityGlobals) = postSolution
		SolutionGuid = {19F6F4B5-8094-472C-8081-0AB4A2A06C8D}
	EndGlobalSection
EndGlobal
